// !$*UTF8*$!
{
	archiveVersion = 1;
	classes = {
	};
	objectVersion = 46;
	objects = {

/* Begin PBXBuildFile section */
		24C949DF19C4289200BF16D8 /* main.m in Sources */ = {isa = PBXBuildFile; fileRef = 24C949DE19C4289200BF16D8 /* main.m */; };
		24C949E219C4289200BF16D8 /* AppDelegate.m in Sources */ = {isa = PBXBuildFile; fileRef = 24C949E119C4289200BF16D8 /* AppDelegate.m */; };
		24C949EB19C4289200BF16D8 /* Main.storyboard in Resources */ = {isa = PBXBuildFile; fileRef = 24C949E919C4289200BF16D8 /* Main.storyboard */; };
		24C949ED19C4289200BF16D8 /* Images.xcassets in Resources */ = {isa = PBXBuildFile; fileRef = 24C949EC19C4289200BF16D8 /* Images.xcassets */; };
		24C949F019C4289200BF16D8 /* LaunchScreen.xib in Resources */ = {isa = PBXBuildFile; fileRef = 24C949EE19C4289200BF16D8 /* LaunchScreen.xib */; };
		24C94A0719C42A6A00BF16D8 /* CommentViewController.m in Sources */ = {isa = PBXBuildFile; fileRef = 24C94A0619C42A6A00BF16D8 /* CommentViewController.m */; };
		24D55DF219D80AB4005E2016 /* DCTMessageBar.framework in Frameworks */ = {isa = PBXBuildFile; fileRef = 24D55DDE19D80AB3005E2016 /* DCTMessageBar.framework */; };
		24D55DF319D80AB4005E2016 /* DCTMessageBar.framework in Embed Frameworks */ = {isa = PBXBuildFile; fileRef = 24D55DDE19D80AB3005E2016 /* DCTMessageBar.framework */; settings = {ATTRIBUTES = (CodeSignOnCopy, RemoveHeadersOnCopy, ); }; };
		24D55E0219D80B09005E2016 /* DCTMessageBar.h in Headers */ = {isa = PBXBuildFile; fileRef = 24D55DFD19D80B09005E2016 /* DCTMessageBar.h */; settings = {ATTRIBUTES = (Public, ); }; };
		24D55E0319D80B09005E2016 /* DCTMessageBar.m in Sources */ = {isa = PBXBuildFile; fileRef = 24D55DFE19D80B09005E2016 /* DCTMessageBar.m */; };
		24D55E0419D80B09005E2016 /* DCTMessageBar.xib in Resources */ = {isa = PBXBuildFile; fileRef = 24D55DFF19D80B09005E2016 /* DCTMessageBar.xib */; };
		24D55E0519D80B09005E2016 /* DCTMessageBarTextView.h in Headers */ = {isa = PBXBuildFile; fileRef = 24D55E0019D80B09005E2016 /* DCTMessageBarTextView.h */; };
		24D55E0619D80B09005E2016 /* DCTMessageBarTextView.m in Sources */ = {isa = PBXBuildFile; fileRef = 24D55E0119D80B09005E2016 /* DCTMessageBarTextView.m */; };
		24D55E1319D80F5D005E2016 /* DCTMessageBarDelegate.h in Headers */ = {isa = PBXBuildFile; fileRef = 24D55E1219D80D8C005E2016 /* DCTMessageBarDelegate.h */; settings = {ATTRIBUTES = (Public, ); }; };
		24F6C82A1A16587F005D595D /* DCTMessageBarInputAccessoryView.h in Headers */ = {isa = PBXBuildFile; fileRef = 24F6C8281A16587F005D595D /* DCTMessageBarInputAccessoryView.h */; };
		24F6C82B1A16587F005D595D /* DCTMessageBarInputAccessoryView.m in Sources */ = {isa = PBXBuildFile; fileRef = 24F6C8291A16587F005D595D /* DCTMessageBarInputAccessoryView.m */; };
		24F6C83C1A16644C005D595D /* DCTMessageBarController.h in Headers */ = {isa = PBXBuildFile; fileRef = 24F6C83A1A16644C005D595D /* DCTMessageBarController.h */; };
		24F6C83D1A16644C005D595D /* DCTMessageBarController.m in Sources */ = {isa = PBXBuildFile; fileRef = 24F6C83B1A16644C005D595D /* DCTMessageBarController.m */; };
		24F6C83F1A1664D3005D595D /* DCTMessageBar.storyboard in Resources */ = {isa = PBXBuildFile; fileRef = 24F6C83E1A1664D3005D595D /* DCTMessageBar.storyboard */; };
/* End PBXBuildFile section */

/* Begin PBXContainerItemProxy section */
		24D55DF019D80AB4005E2016 /* PBXContainerItemProxy */ = {
			isa = PBXContainerItemProxy;
			containerPortal = 24C949D119C4289200BF16D8 /* Project object */;
			proxyType = 1;
			remoteGlobalIDString = 24D55DDD19D80AB3005E2016;
			remoteInfo = DCTMessageBar;
		};
		24D55DF419D80AB4005E2016 /* PBXContainerItemProxy */ = {
			isa = PBXContainerItemProxy;
			containerPortal = 24C949D119C4289200BF16D8 /* Project object */;
			proxyType = 1;
			remoteGlobalIDString = 24D55DDD19D80AB3005E2016;
			remoteInfo = DCTMessageBar;
		};
/* End PBXContainerItemProxy section */

/* Begin PBXCopyFilesBuildPhase section */
		24D55DF919D80AB4005E2016 /* Embed Frameworks */ = {
			isa = PBXCopyFilesBuildPhase;
			buildActionMask = 2147483647;
			dstPath = "";
			dstSubfolderSpec = 10;
			files = (
				24D55DF319D80AB4005E2016 /* DCTMessageBar.framework in Embed Frameworks */,
			);
			name = "Embed Frameworks";
			runOnlyForDeploymentPostprocessing = 0;
		};
/* End PBXCopyFilesBuildPhase section */

/* Begin PBXFileReference section */
		24C949D919C4289200BF16D8 /* DCTMessageBar Demo.app */ = {isa = PBXFileReference; explicitFileType = wrapper.application; includeInIndex = 0; path = "DCTMessageBar Demo.app"; sourceTree = BUILT_PRODUCTS_DIR; };
		24C949DD19C4289200BF16D8 /* Info.plist */ = {isa = PBXFileReference; lastKnownFileType = text.plist.xml; path = Info.plist; sourceTree = "<group>"; };
		24C949DE19C4289200BF16D8 /* main.m */ = {isa = PBXFileReference; lastKnownFileType = sourcecode.c.objc; path = main.m; sourceTree = "<group>"; };
		24C949E019C4289200BF16D8 /* AppDelegate.h */ = {isa = PBXFileReference; lastKnownFileType = sourcecode.c.h; path = AppDelegate.h; sourceTree = "<group>"; };
		24C949E119C4289200BF16D8 /* AppDelegate.m */ = {isa = PBXFileReference; lastKnownFileType = sourcecode.c.objc; path = AppDelegate.m; sourceTree = "<group>"; };
		24C949EA19C4289200BF16D8 /* Base */ = {isa = PBXFileReference; lastKnownFileType = file.storyboard; name = Base; path = Base.lproj/Main.storyboard; sourceTree = "<group>"; };
		24C949EC19C4289200BF16D8 /* Images.xcassets */ = {isa = PBXFileReference; lastKnownFileType = folder.assetcatalog; path = Images.xcassets; sourceTree = "<group>"; };
		24C949EF19C4289200BF16D8 /* Base */ = {isa = PBXFileReference; lastKnownFileType = file.xib; name = Base; path = Base.lproj/LaunchScreen.xib; sourceTree = "<group>"; };
		24C94A0519C42A6A00BF16D8 /* CommentViewController.h */ = {isa = PBXFileReference; fileEncoding = 4; lastKnownFileType = sourcecode.c.h; path = CommentViewController.h; sourceTree = "<group>"; };
		24C94A0619C42A6A00BF16D8 /* CommentViewController.m */ = {isa = PBXFileReference; fileEncoding = 4; lastKnownFileType = sourcecode.c.objc; path = CommentViewController.m; sourceTree = "<group>"; };
		24D55DDE19D80AB3005E2016 /* DCTMessageBar.framework */ = {isa = PBXFileReference; explicitFileType = wrapper.framework; includeInIndex = 0; path = DCTMessageBar.framework; sourceTree = BUILT_PRODUCTS_DIR; };
		24D55DE119D80AB3005E2016 /* Info.plist */ = {isa = PBXFileReference; lastKnownFileType = text.plist.xml; path = Info.plist; sourceTree = "<group>"; };
		24D55DFD19D80B09005E2016 /* DCTMessageBar.h */ = {isa = PBXFileReference; fileEncoding = 4; lastKnownFileType = sourcecode.c.h; path = DCTMessageBar.h; sourceTree = "<group>"; };
		24D55DFE19D80B09005E2016 /* DCTMessageBar.m */ = {isa = PBXFileReference; fileEncoding = 4; lastKnownFileType = sourcecode.c.objc; path = DCTMessageBar.m; sourceTree = "<group>"; };
		24D55DFF19D80B09005E2016 /* DCTMessageBar.xib */ = {isa = PBXFileReference; fileEncoding = 4; lastKnownFileType = file.xib; path = DCTMessageBar.xib; sourceTree = "<group>"; };
		24D55E0019D80B09005E2016 /* DCTMessageBarTextView.h */ = {isa = PBXFileReference; fileEncoding = 4; lastKnownFileType = sourcecode.c.h; path = DCTMessageBarTextView.h; sourceTree = "<group>"; };
		24D55E0119D80B09005E2016 /* DCTMessageBarTextView.m */ = {isa = PBXFileReference; fileEncoding = 4; lastKnownFileType = sourcecode.c.objc; path = DCTMessageBarTextView.m; sourceTree = "<group>"; };
		24D55E0819D80B68005E2016 /* Debug.xcconfig */ = {isa = PBXFileReference; lastKnownFileType = text.xcconfig; path = Debug.xcconfig; sourceTree = "<group>"; };
		24D55E0919D80B68005E2016 /* iOS Application.xcconfig */ = {isa = PBXFileReference; lastKnownFileType = text.xcconfig; path = "iOS Application.xcconfig"; sourceTree = "<group>"; };
		24D55E0A19D80B68005E2016 /* iOS Bundle.xcconfig */ = {isa = PBXFileReference; lastKnownFileType = text.xcconfig; path = "iOS Bundle.xcconfig"; sourceTree = "<group>"; };
		24D55E0B19D80B68005E2016 /* iOS Framework.xcconfig */ = {isa = PBXFileReference; lastKnownFileType = text.xcconfig; path = "iOS Framework.xcconfig"; sourceTree = "<group>"; };
		24D55E0C19D80B68005E2016 /* iOS Static Library.xcconfig */ = {isa = PBXFileReference; lastKnownFileType = text.xcconfig; path = "iOS Static Library.xcconfig"; sourceTree = "<group>"; };
		24D55E0D19D80B68005E2016 /* iOS Tests.xcconfig */ = {isa = PBXFileReference; lastKnownFileType = text.xcconfig; path = "iOS Tests.xcconfig"; sourceTree = "<group>"; };
		24D55E0E19D80B68005E2016 /* OS X Framework.xcconfig */ = {isa = PBXFileReference; lastKnownFileType = text.xcconfig; path = "OS X Framework.xcconfig"; sourceTree = "<group>"; };
		24D55E0F19D80B68005E2016 /* Release.xcconfig */ = {isa = PBXFileReference; lastKnownFileType = text.xcconfig; path = Release.xcconfig; sourceTree = "<group>"; };
		24D55E1019D80B68005E2016 /* Shared.xcconfig */ = {isa = PBXFileReference; lastKnownFileType = text.xcconfig; path = Shared.xcconfig; sourceTree = "<group>"; };
		24D55E1119D80B68005E2016 /* update.sh */ = {isa = PBXFileReference; lastKnownFileType = text.script.sh; path = update.sh; sourceTree = "<group>"; };
		24D55E1219D80D8C005E2016 /* DCTMessageBarDelegate.h */ = {isa = PBXFileReference; lastKnownFileType = sourcecode.c.h; path = DCTMessageBarDelegate.h; sourceTree = "<group>"; };
		24F6C8281A16587F005D595D /* DCTMessageBarInputAccessoryView.h */ = {isa = PBXFileReference; fileEncoding = 4; lastKnownFileType = sourcecode.c.h; path = DCTMessageBarInputAccessoryView.h; sourceTree = "<group>"; };
		24F6C8291A16587F005D595D /* DCTMessageBarInputAccessoryView.m */ = {isa = PBXFileReference; fileEncoding = 4; lastKnownFileType = sourcecode.c.objc; path = DCTMessageBarInputAccessoryView.m; sourceTree = "<group>"; };
		24F6C83A1A16644C005D595D /* DCTMessageBarController.h */ = {isa = PBXFileReference; fileEncoding = 4; lastKnownFileType = sourcecode.c.h; path = DCTMessageBarController.h; sourceTree = "<group>"; };
		24F6C83B1A16644C005D595D /* DCTMessageBarController.m */ = {isa = PBXFileReference; fileEncoding = 4; lastKnownFileType = sourcecode.c.objc; path = DCTMessageBarController.m; sourceTree = "<group>"; };
		24F6C83E1A1664D3005D595D /* DCTMessageBar.storyboard */ = {isa = PBXFileReference; fileEncoding = 4; lastKnownFileType = file.storyboard; path = DCTMessageBar.storyboard; sourceTree = "<group>"; };
/* End PBXFileReference section */

/* Begin PBXFrameworksBuildPhase section */
		24C949D619C4289200BF16D8 /* Frameworks */ = {
			isa = PBXFrameworksBuildPhase;
			buildActionMask = 2147483647;
			files = (
				24D55DF219D80AB4005E2016 /* DCTMessageBar.framework in Frameworks */,
			);
			runOnlyForDeploymentPostprocessing = 0;
		};
		24D55DDA19D80AB3005E2016 /* Frameworks */ = {
			isa = PBXFrameworksBuildPhase;
			buildActionMask = 2147483647;
			files = (
			);
			runOnlyForDeploymentPostprocessing = 0;
		};
/* End PBXFrameworksBuildPhase section */

/* Begin PBXGroup section */
		24C949D019C4289200BF16D8 = {
			isa = PBXGroup;
			children = (
				24D55DDF19D80AB3005E2016 /* DCTMessageBar */,
				24C949DB19C4289200BF16D8 /* DCTMessageBar Demo */,
				24D55E0719D80B68005E2016 /* Configurations */,
				24C949DA19C4289200BF16D8 /* Products */,
			);
			sourceTree = "<group>";
		};
		24C949DA19C4289200BF16D8 /* Products */ = {
			isa = PBXGroup;
			children = (
				24C949D919C4289200BF16D8 /* DCTMessageBar Demo.app */,
				24D55DDE19D80AB3005E2016 /* DCTMessageBar.framework */,
			);
			name = Products;
			sourceTree = "<group>";
		};
		24C949DB19C4289200BF16D8 /* DCTMessageBar Demo */ = {
			isa = PBXGroup;
			children = (
				24C949E019C4289200BF16D8 /* AppDelegate.h */,
				24C949E119C4289200BF16D8 /* AppDelegate.m */,
				24C94A0519C42A6A00BF16D8 /* CommentViewController.h */,
				24C94A0619C42A6A00BF16D8 /* CommentViewController.m */,
				24C949EC19C4289200BF16D8 /* Images.xcassets */,
				24C949E919C4289200BF16D8 /* Main.storyboard */,
				24C949EE19C4289200BF16D8 /* LaunchScreen.xib */,
				24C949DD19C4289200BF16D8 /* Info.plist */,
				24C949DE19C4289200BF16D8 /* main.m */,
			);
			path = "DCTMessageBar Demo";
			sourceTree = "<group>";
		};
		24D55DDF19D80AB3005E2016 /* DCTMessageBar */ = {
			isa = PBXGroup;
			children = (
				24D55DFD19D80B09005E2016 /* DCTMessageBar.h */,
				24D55DFE19D80B09005E2016 /* DCTMessageBar.m */,
				24D55DFF19D80B09005E2016 /* DCTMessageBar.xib */,
				24D55E1219D80D8C005E2016 /* DCTMessageBarDelegate.h */,
				24D55E0019D80B09005E2016 /* DCTMessageBarTextView.h */,
				24D55E0119D80B09005E2016 /* DCTMessageBarTextView.m */,
				24F6C8281A16587F005D595D /* DCTMessageBarInputAccessoryView.h */,
				24F6C8291A16587F005D595D /* DCTMessageBarInputAccessoryView.m */,
				24D55DE119D80AB3005E2016 /* Info.plist */,
				24F6C83A1A16644C005D595D /* DCTMessageBarController.h */,
				24F6C83B1A16644C005D595D /* DCTMessageBarController.m */,
				24F6C83E1A1664D3005D595D /* DCTMessageBar.storyboard */,
			);
			path = DCTMessageBar;
			sourceTree = "<group>";
		};
		24D55E0719D80B68005E2016 /* Configurations */ = {
			isa = PBXGroup;
			children = (
				24D55E0819D80B68005E2016 /* Debug.xcconfig */,
				24D55E0919D80B68005E2016 /* iOS Application.xcconfig */,
				24D55E0A19D80B68005E2016 /* iOS Bundle.xcconfig */,
				24D55E0B19D80B68005E2016 /* iOS Framework.xcconfig */,
				24D55E0C19D80B68005E2016 /* iOS Static Library.xcconfig */,
				24D55E0D19D80B68005E2016 /* iOS Tests.xcconfig */,
				24D55E0E19D80B68005E2016 /* OS X Framework.xcconfig */,
				24D55E0F19D80B68005E2016 /* Release.xcconfig */,
				24D55E1019D80B68005E2016 /* Shared.xcconfig */,
				24D55E1119D80B68005E2016 /* update.sh */,
			);
			path = Configurations;
			sourceTree = "<group>";
		};
/* End PBXGroup section */

/* Begin PBXHeadersBuildPhase section */
		24D55DDB19D80AB3005E2016 /* Headers */ = {
			isa = PBXHeadersBuildPhase;
			buildActionMask = 2147483647;
			files = (
				24D55E0219D80B09005E2016 /* DCTMessageBar.h in Headers */,
				24F6C82A1A16587F005D595D /* DCTMessageBarInputAccessoryView.h in Headers */,
				24D55E1319D80F5D005E2016 /* DCTMessageBarDelegate.h in Headers */,
				24F6C83C1A16644C005D595D /* DCTMessageBarController.h in Headers */,
				24D55E0519D80B09005E2016 /* DCTMessageBarTextView.h in Headers */,
			);
			runOnlyForDeploymentPostprocessing = 0;
		};
/* End PBXHeadersBuildPhase section */

/* Begin PBXNativeTarget section */
		24C949D819C4289200BF16D8 /* DCTMessageBar Demo */ = {
			isa = PBXNativeTarget;
			buildConfigurationList = 24C949FF19C4289300BF16D8 /* Build configuration list for PBXNativeTarget "DCTMessageBar Demo" */;
			buildPhases = (
				24C949D519C4289200BF16D8 /* Sources */,
				24C949D619C4289200BF16D8 /* Frameworks */,
				24C949D719C4289200BF16D8 /* Resources */,
				24D55DF919D80AB4005E2016 /* Embed Frameworks */,
			);
			buildRules = (
			);
			dependencies = (
				24D55DF119D80AB4005E2016 /* PBXTargetDependency */,
				24D55DF519D80AB4005E2016 /* PBXTargetDependency */,
			);
			name = "DCTMessageBar Demo";
			productName = Commenting;
			productReference = 24C949D919C4289200BF16D8 /* DCTMessageBar Demo.app */;
			productType = "com.apple.product-type.application";
		};
		24D55DDD19D80AB3005E2016 /* DCTMessageBar */ = {
			isa = PBXNativeTarget;
			buildConfigurationList = 24D55DF619D80AB4005E2016 /* Build configuration list for PBXNativeTarget "DCTMessageBar" */;
			buildPhases = (
				24D55DD919D80AB3005E2016 /* Sources */,
				24D55DDA19D80AB3005E2016 /* Frameworks */,
				24D55DDB19D80AB3005E2016 /* Headers */,
				24D55DDC19D80AB3005E2016 /* Resources */,
			);
			buildRules = (
			);
			dependencies = (
			);
			name = DCTMessageBar;
			productName = DCTMessageBar;
			productReference = 24D55DDE19D80AB3005E2016 /* DCTMessageBar.framework */;
			productType = "com.apple.product-type.framework";
		};
/* End PBXNativeTarget section */

/* Begin PBXProject section */
		24C949D119C4289200BF16D8 /* Project object */ = {
			isa = PBXProject;
			attributes = {
				LastUpgradeCheck = 0600;
				ORGANIZATIONNAME = "Daniel Tull";
				TargetAttributes = {
					24C949D819C4289200BF16D8 = {
						CreatedOnToolsVersion = 6.1;
					};
					24D55DDD19D80AB3005E2016 = {
						CreatedOnToolsVersion = 6.0.1;
					};
				};
			};
			buildConfigurationList = 24C949D419C4289200BF16D8 /* Build configuration list for PBXProject "DCTMessageBar" */;
			compatibilityVersion = "Xcode 3.2";
			developmentRegion = English;
			hasScannedForEncodings = 0;
			knownRegions = (
				en,
				Base,
			);
			mainGroup = 24C949D019C4289200BF16D8;
			productRefGroup = 24C949DA19C4289200BF16D8 /* Products */;
			projectDirPath = "";
			projectRoot = "";
			targets = (
				24D55DDD19D80AB3005E2016 /* DCTMessageBar */,
				24C949D819C4289200BF16D8 /* DCTMessageBar Demo */,
			);
		};
/* End PBXProject section */

/* Begin PBXResourcesBuildPhase section */
		24C949D719C4289200BF16D8 /* Resources */ = {
			isa = PBXResourcesBuildPhase;
			buildActionMask = 2147483647;
			files = (
				24C949EB19C4289200BF16D8 /* Main.storyboard in Resources */,
				24C949F019C4289200BF16D8 /* LaunchScreen.xib in Resources */,
				24C949ED19C4289200BF16D8 /* Images.xcassets in Resources */,
			);
			runOnlyForDeploymentPostprocessing = 0;
		};
		24D55DDC19D80AB3005E2016 /* Resources */ = {
			isa = PBXResourcesBuildPhase;
			buildActionMask = 2147483647;
			files = (
				24F6C83F1A1664D3005D595D /* DCTMessageBar.storyboard in Resources */,
				24D55E0419D80B09005E2016 /* DCTMessageBar.xib in Resources */,
			);
			runOnlyForDeploymentPostprocessing = 0;
		};
/* End PBXResourcesBuildPhase section */

/* Begin PBXSourcesBuildPhase section */
		24C949D519C4289200BF16D8 /* Sources */ = {
			isa = PBXSourcesBuildPhase;
			buildActionMask = 2147483647;
			files = (
				24C94A0719C42A6A00BF16D8 /* CommentViewController.m in Sources */,
				24C949E219C4289200BF16D8 /* AppDelegate.m in Sources */,
				24C949DF19C4289200BF16D8 /* main.m in Sources */,
			);
			runOnlyForDeploymentPostprocessing = 0;
		};
		24D55DD919D80AB3005E2016 /* Sources */ = {
			isa = PBXSourcesBuildPhase;
			buildActionMask = 2147483647;
			files = (
				24D55E0319D80B09005E2016 /* DCTMessageBar.m in Sources */,
				24F6C83D1A16644C005D595D /* DCTMessageBarController.m in Sources */,
				24D55E0619D80B09005E2016 /* DCTMessageBarTextView.m in Sources */,
				24F6C82B1A16587F005D595D /* DCTMessageBarInputAccessoryView.m in Sources */,
			);
			runOnlyForDeploymentPostprocessing = 0;
		};
/* End PBXSourcesBuildPhase section */

/* Begin PBXTargetDependency section */
		24D55DF119D80AB4005E2016 /* PBXTargetDependency */ = {
			isa = PBXTargetDependency;
			target = 24D55DDD19D80AB3005E2016 /* DCTMessageBar */;
			targetProxy = 24D55DF019D80AB4005E2016 /* PBXContainerItemProxy */;
		};
		24D55DF519D80AB4005E2016 /* PBXTargetDependency */ = {
			isa = PBXTargetDependency;
			target = 24D55DDD19D80AB3005E2016 /* DCTMessageBar */;
			targetProxy = 24D55DF419D80AB4005E2016 /* PBXContainerItemProxy */;
		};
/* End PBXTargetDependency section */

/* Begin PBXVariantGroup section */
		24C949E919C4289200BF16D8 /* Main.storyboard */ = {
			isa = PBXVariantGroup;
			children = (
				24C949EA19C4289200BF16D8 /* Base */,
			);
			name = Main.storyboard;
			sourceTree = "<group>";
		};
		24C949EE19C4289200BF16D8 /* LaunchScreen.xib */ = {
			isa = PBXVariantGroup;
			children = (
				24C949EF19C4289200BF16D8 /* Base */,
			);
			name = LaunchScreen.xib;
			sourceTree = "<group>";
		};
/* End PBXVariantGroup section */

/* Begin XCBuildConfiguration section */
		24C949FD19C4289300BF16D8 /* Debug */ = {
			isa = XCBuildConfiguration;
			baseConfigurationReference = 24D55E0819D80B68005E2016 /* Debug.xcconfig */;
			buildSettings = {
			};
			name = Debug;
		};
		24C949FE19C4289300BF16D8 /* Release */ = {
			isa = XCBuildConfiguration;
			baseConfigurationReference = 24D55E0F19D80B68005E2016 /* Release.xcconfig */;
			buildSettings = {
			};
			name = Release;
		};
		24C94A0019C4289300BF16D8 /* Debug */ = {
			isa = XCBuildConfiguration;
			baseConfigurationReference = 24D55E0919D80B68005E2016 /* iOS Application.xcconfig */;
			buildSettings = {
				INFOPLIST_FILE = "DCTMessageBar Demo/Info.plist";
				IPHONEOS_DEPLOYMENT_TARGET = 8.0;
				PRODUCT_NAME = "DCTMessageBar Demo";
			};
			name = Debug;
		};
		24C94A0119C4289300BF16D8 /* Release */ = {
			isa = XCBuildConfiguration;
			baseConfigurationReference = 24D55E0919D80B68005E2016 /* iOS Application.xcconfig */;
			buildSettings = {
				INFOPLIST_FILE = "DCTMessageBar Demo/Info.plist";
				IPHONEOS_DEPLOYMENT_TARGET = 8.0;
				PRODUCT_NAME = "DCTMessageBar Demo";
			};
			name = Release;
		};
		24D55DF719D80AB4005E2016 /* Debug */ = {
			isa = XCBuildConfiguration;
			baseConfigurationReference = 24D55E0B19D80B68005E2016 /* iOS Framework.xcconfig */;
			buildSettings = {
				CURRENT_PROJECT_VERSION = 1;
				DYLIB_COMPATIBILITY_VERSION = 1;
				DYLIB_CURRENT_VERSION = 1;
				DYLIB_INSTALL_NAME_BASE = "@rpath";
				INFOPLIST_FILE = DCTMessageBar/Info.plist;
				INSTALL_PATH = "$(LOCAL_LIBRARY_DIR)/Frameworks";
				IPHONEOS_DEPLOYMENT_TARGET = 8.0;
				LD_RUNPATH_SEARCH_PATHS = "$(inherited) @executable_path/Frameworks @loader_path/Frameworks";
				PRODUCT_NAME = "$(TARGET_NAME)";
				SKIP_INSTALL = YES;
				TARGETED_DEVICE_FAMILY = "1,2";
			};
			name = Debug;
		};
		24D55DF819D80AB4005E2016 /* Release */ = {
			isa = XCBuildConfiguration;
			baseConfigurationReference = 24D55E0B19D80B68005E2016 /* iOS Framework.xcconfig */;
			buildSettings = {
				CURRENT_PROJECT_VERSION = 1;
				DYLIB_COMPATIBILITY_VERSION = 1;
				DYLIB_CURRENT_VERSION = 1;
				DYLIB_INSTALL_NAME_BASE = "@rpath";
				INFOPLIST_FILE = DCTMessageBar/Info.plist;
				INSTALL_PATH = "$(LOCAL_LIBRARY_DIR)/Frameworks";
				IPHONEOS_DEPLOYMENT_TARGET = 8.0;
				LD_RUNPATH_SEARCH_PATHS = "$(inherited) @executable_path/Frameworks @loader_path/Frameworks";
				PRODUCT_NAME = "$(TARGET_NAME)";
				SKIP_INSTALL = YES;
				TARGETED_DEVICE_FAMILY = "1,2";
			};
			name = Release;
		};
/* End XCBuildConfiguration section */

/* Begin XCConfigurationList section */
		24C949D419C4289200BF16D8 /* Build configuration list for PBXProject "DCTMessageBar" */ = {
			isa = XCConfigurationList;
			buildConfigurations = (
				24C949FD19C4289300BF16D8 /* Debug */,
				24C949FE19C4289300BF16D8 /* Release */,
			);
			defaultConfigurationIsVisible = 0;
			defaultConfigurationName = Release;
		};
		24C949FF19C4289300BF16D8 /* Build configuration list for PBXNativeTarget "DCTMessageBar Demo" */ = {
			isa = XCConfigurationList;
			buildConfigurations = (
				24C94A0019C4289300BF16D8 /* Debug */,
				24C94A0119C4289300BF16D8 /* Release */,
			);
			defaultConfigurationIsVisible = 0;
			defaultConfigurationName = Release;
		};
		24D55DF619D80AB4005E2016 /* Build configuration list for PBXNativeTarget "DCTMessageBar" */ = {
			isa = XCConfigurationList;
			buildConfigurations = (
				24D55DF719D80AB4005E2016 /* Debug */,
				24D55DF819D80AB4005E2016 /* Release */,
			);
			defaultConfigurationIsVisible = 0;
			defaultConfigurationName = Release;
		};
/* End XCConfigurationList section */
	};
	rootObject = 24C949D119C4289200BF16D8 /* Project object */;
}
